
Microsoft Visual Studio Solution File, Format Version 12.00
# Visual Studio Version 17
VisualStudioVersion = 17.2.32630.192
MinimumVisualStudioVersion = 10.0.40219.1
Project("{FAE04EC0-301F-11D3-BF4B-00C04F79EFBC}") = "F.T.O Templates 2.0", "F.T.O Templates 2.0\F.T.O Templates 2.0.csproj", "{45A19E37-EB8E-4F7A-BE39-52A9CD97E8D7}"
EndProject
Global
	GlobalSection(SolutionConfigurationPlatforms) = preSolution
		Debug|Any CPU = Debug|Any CPU
		Release|Any CPU = Release|Any CPU
	EndGlobalSection
	GlobalSection(ProjectConfigurationPlatforms) = postSolution
		{45A19E37-EB8E-4F7A-BE39-52A9CD97E8D7}.Debug|Any CPU.ActiveCfg = Debug|Any CPU
		{45A19E37-EB8E-4F7A-BE39-52A9CD97E8D7}.Debug|Any CPU.Build.0 = Debug|Any CPU
		{45A19E37-EB8E-4F7A-BE39-52A9CD97E8D7}.Release|Any CPU.ActiveCfg = Release|Any CPU
		{45A19E37-EB8E-4F7A-BE39-52A9CD97E8D7}.Release|Any CPU.Build.0 = Release|Any CPU
	EndGlobalSection
	GlobalSection(SolutionProperties) = preSolution
		HideSolutionNode = FALSE
	EndGlobalSection
	GlobalSection(ExtensibilityGlobals) = postSolution
		SolutionGuid = {F247A5CE-FC6B-44EC-A427-325C4CFE0126}
	EndGlobalSection
EndGlobal
